<?xml version="1.0" encoding="utf-8"?>
<Project ToolsVersion="4.0" xmlns="http://schemas.microsoft.com/developer/msbuild/2003">
  <ItemGroup>
    <Filter Include="Source Files">
      <UniqueIdentifier>{4FC737F1-C7A5-4376-A066-2A32D752A2FF}</UniqueIdentifier>
      <Extensions>cpp;c;cxx;def;odl;idl;hpj;bat;asm;asmx</Extensions>
    </Filter>
    <Filter Include="Header Files">
      <UniqueIdentifier>{93995380-89BD-4b04-88EB-625FBE52EBFB}</UniqueIdentifier>
      <Extensions>h;hpp;hxx;hm;inl;inc;xsd</Extensions>
    </Filter>
    <Filter Include="Resource Files">
      <UniqueIdentifier>{67DA6AB6-F800-4c08-8B7A-83BB121AAD01}</UniqueIdentifier>
      <Extensions>rc;ico;cur;bmp;dlg;rc2;rct;bin;rgs;gif;jpg;jpeg;jpe;resx</Extensions>
    </Filter>
    <Filter Include="tinyxml">
      <UniqueIdentifier>{215982bf-1337-455e-a859-b9abea04f138}</UniqueIdentifier>
    </Filter>
    <Filter Include="utf">
      <UniqueIdentifier>{faef688d-78cf-4e30-bb7e-b32b4f04258c}</UniqueIdentifier>
    </Filter>
  </ItemGroup>
  <ItemGroup>
    <ClCompile Include="CaptionButtonDialog.cpp">
      <Filter>Source Files</Filter>
    </ClCompile>
    <ClCompile Include="ComWnd.cpp">
      <Filter>Source Files</Filter>
    </ClCompile>
    <ClCompile Include="explorer_helper.cpp">
      <Filter>Source Files</Filter>
    </ClCompile>
    <ClCompile Include="Helper.cpp">
      <Filter>Source Files</Filter>
    </ClCompile>
    <ClCompile Include="HelperDlg.cpp">
      <Filter>Source Files</Filter>
    </ClCompile>
    <ClCompile Include="HelperDocHostUIHandler.cpp">
      <Filter>Source Files</Filter>
    </ClCompile>
    <ClCompile Include="HelperItem.cpp">
      <Filter>Source Files</Filter>
    </ClCompile>
    <ClCompile Include="HelperItemSet.cpp">
      <Filter>Source Files</Filter>
    </ClCompile>
    <ClCompile Include="HelperItemSet_XmlHandler.cpp">
      <Filter>Source Files</Filter>
    </ClCompile>
    <ClCompile Include="HelperSystem.cpp">
      <Filter>Source Files</Filter>
    </ClCompile>
    <ClCompile Include="HelperTinyXMLParser.cpp">
      <Filter>Source Files</Filter>
    </ClCompile>
    <ClCompile Include="HelperXMLAttributes.cpp">
      <Filter>Source Files</Filter>
    </ClCompile>
    <ClCompile Include="HelperXMLHandler.cpp">
      <Filter>Source Files</Filter>
    </ClCompile>
    <ClCompile Include="HelperXMLParser.cpp">
      <Filter>Source Files</Filter>
    </ClCompile>
    <ClCompile Include="SplitWnd.cpp">
      <Filter>Source Files</Filter>
    </ClCompile>
    <ClCompile Include="stdafx.cpp">
      <Filter>Source Files</Filter>
    </ClCompile>
    <ClCompile Include="TreeCtrlEx.cpp">
      <Filter>Source Files</Filter>
    </ClCompile>
    <ClCompile Include="tinyxml\tinystr.cpp">
      <Filter>tinyxml</Filter>
    </ClCompile>
    <ClCompile Include="tinyxml\tinyxml.cpp">
      <Filter>tinyxml</Filter>
    </ClCompile>
    <ClCompile Include="tinyxml\tinyxmlerror.cpp">
      <Filter>tinyxml</Filter>
    </ClCompile>
    <ClCompile Include="tinyxml\tinyxmlparser.cpp">
      <Filter>tinyxml</Filter>
    </ClCompile>
    <ClCompile Include="utf\utf.cpp">
      <Filter>utf</Filter>
    </ClCompile>
  </ItemGroup>
  <ItemGroup>
    <ClInclude Include="CaptionButtonDialog.h">
      <Filter>Header Files</Filter>
    </ClInclude>
    <ClInclude Include="ComWnd.h">
      <Filter>Header Files</Filter>
    </ClInclude>
    <ClInclude Include="explorer_helper.h">
      <Filter>Header Files</Filter>
    </ClInclude>
    <ClInclude Include="Helper.h">
      <Filter>Header Files</Filter>
    </ClInclude>
    <ClInclude Include="HelperDlg.h">
      <Filter>Header Files</Filter>
    </ClInclude>
    <ClInclude Include="HelperDocHostUIHandler.h">
      <Filter>Header Files</Filter>
    </ClInclude>
    <ClInclude Include="HelperItem.h">
      <Filter>Header Files</Filter>
    </ClInclude>
    <ClInclude Include="HelperItemSet.h">
      <Filter>Header Files</Filter>
    </ClInclude>
    <ClInclude Include="HelperItemSet_XmlHandler.h">
      <Filter>Header Files</Filter>
    </ClInclude>
    <ClInclude Include="HelperSystem.h">
      <Filter>Header Files</Filter>
    </ClInclude>
    <ClInclude Include="HelperTinyXMLParser.h">
      <Filter>Header Files</Filter>
    </ClInclude>
    <ClInclude Include="HelperXMLAttributes.h">
      <Filter>Header Files</Filter>
    </ClInclude>
    <ClInclude Include="HelperXMLHandler.h">
      <Filter>Header Files</Filter>
    </ClInclude>
    <ClInclude Include="HelperXMLParser.h">
      <Filter>Header Files</Filter>
    </ClInclude>
    <ClInclude Include="Resource.h">
      <Filter>Header Files</Filter>
    </ClInclude>
    <ClInclude Include="SplitWnd.h">
      <Filter>Header Files</Filter>
    </ClInclude>
    <ClInclude Include="stdafx.h">
      <Filter>Header Files</Filter>
    </ClInclude>
    <ClInclude Include="TreeCtrlEx.h">
      <Filter>Header Files</Filter>
    </ClInclude>
    <ClInclude Include="tinyxml\tinystr.h">
      <Filter>tinyxml</Filter>
    </ClInclude>
    <ClInclude Include="tinyxml\tinyxml.h">
      <Filter>tinyxml</Filter>
    </ClInclude>
    <ClInclude Include="utf\utf.h">
      <Filter>utf</Filter>
    </ClInclude>
  </ItemGroup>
  <ItemGroup>
    <None Include="res\Docment.ico">
      <Filter>Resource Files</Filter>
    </None>
    <None Include="res\FolderClose.ico">
      <Filter>Resource Files</Filter>
    </None>
    <None Include="res\FolderOpen.ico">
      <Filter>Resource Files</Filter>
    </None>
    <None Include="res\GripSize.bmp">
      <Filter>Resource Files</Filter>
    </None>
    <None Include="res\Helper.ico">
      <Filter>Resource Files</Filter>
    </None>
    <None Include="res\Helper.rc2">
      <Filter>Resource Files</Filter>
    </None>
    <None Include="res\HookOff.bmp">
      <Filter>Resource Files</Filter>
    </None>
    <None Include="res\HookOn.bmp">
      <Filter>Resource Files</Filter>
    </None>
    <None Include="res\pin.bmp">
      <Filter>Resource Files</Filter>
    </None>
  </ItemGroup>
  <ItemGroup>
    <ResourceCompile Include="Helper.rc">
      <Filter>Resource Files</Filter>
    </ResourceCompile>
  </ItemGroup>
  <ItemGroup>
    <Manifest Include="res\Helper.manifest" />
  </ItemGroup>
</Project>