Microsoft Visual Studio Solution File, Format Version 10.00
# Visual Studio 2008
Project("{8BC9CEB8-8B4A-11D0-8D11-00A0C91BC942}") = "zzip", "zziplib.vcproj", "{FA82E6DE-D01F-402D-8647-D012DB3B1011}"
EndProject
Global
	GlobalSection(SolutionConfigurationPlatforms) = preSolution
		Debug|Win32 = Debug|Win32
		Final|Win32 = Final|Win32
		Release|Win32 = Release|Win32
	EndGlobalSection
	GlobalSection(ProjectConfigurationPlatforms) = postSolution
		{FA82E6DE-D01F-402D-8647-D012DB3B1011}.Debug|Win32.ActiveCfg = Debug|Win32
		{FA82E6DE-D01F-402D-8647-D012DB3B1011}.Debug|Win32.Build.0 = Debug|Win32
		{FA82E6DE-D01F-402D-8647-D012DB3B1011}.Final|Win32.ActiveCfg = Final|Win32
		{FA82E6DE-D01F-402D-8647-D012DB3B1011}.Final|Win32.Build.0 = Final|Win32
		{FA82E6DE-D01F-402D-8647-D012DB3B1011}.Release|Win32.ActiveCfg = Release|Win32
		{FA82E6DE-D01F-402D-8647-D012DB3B1011}.Release|Win32.Build.0 = Release|Win32
	EndGlobalSection
	GlobalSection(SolutionProperties) = preSolution
		HideSolutionNode = FALSE
	EndGlobalSection
EndGlobal
