Microsoft Visual Studio Solution File, Format Version 10.00
# Visual Studio 2008
Project("{8BC9CEB8-8B4A-11D0-8D11-00A0C91BC942}") = "ILU", "..\..\src-ILU\msvc\ILU.vcproj", "{4905D5A2-922A-4027-A2CB-B1E25373F2D7}"
	ProjectSection(ProjectDependencies) = postProject
		{0F088168-B0B4-4350-9E6A-7FB271C76D39} = {0F088168-B0B4-4350-9E6A-7FB271C76D39}
	EndProjectSection
EndProject
Project("{8BC9CEB8-8B4A-11D0-8D11-00A0C91BC942}") = "ILUT", "..\..\src-ILUT\msvc\ILUT.vcproj", "{D3144165-555C-47A0-90AE-F85E16E40537}"
	ProjectSection(ProjectDependencies) = postProject
		{4905D5A2-922A-4027-A2CB-B1E25373F2D7} = {4905D5A2-922A-4027-A2CB-B1E25373F2D7}
	EndProjectSection
EndProject
Project("{8BC9CEB8-8B4A-11D0-8D11-00A0C91BC942}") = "DevIL", "..\..\src-IL\msvc\IL.vcproj", "{0F088168-B0B4-4350-9E6A-7FB271C76D39}"
EndProject
Global
	GlobalSection(SolutionConfigurationPlatforms) = preSolution
		Debug|Win32 = Debug|Win32
		Dynamic|Win32 = Dynamic|Win32
		Release|Win32 = Release|Win32
	EndGlobalSection
	GlobalSection(ProjectConfigurationPlatforms) = postSolution
		{4905D5A2-922A-4027-A2CB-B1E25373F2D7}.Debug|Win32.ActiveCfg = Debug|Win32
		{4905D5A2-922A-4027-A2CB-B1E25373F2D7}.Dynamic|Win32.ActiveCfg = Dynamic|Win32
		{4905D5A2-922A-4027-A2CB-B1E25373F2D7}.Release|Win32.ActiveCfg = Release|Win32
		{D3144165-555C-47A0-90AE-F85E16E40537}.Debug|Win32.ActiveCfg = Debug|Win32
		{D3144165-555C-47A0-90AE-F85E16E40537}.Dynamic|Win32.ActiveCfg = Dynamic|Win32
		{D3144165-555C-47A0-90AE-F85E16E40537}.Release|Win32.ActiveCfg = Release|Win32
		{0F088168-B0B4-4350-9E6A-7FB271C76D39}.Debug|Win32.ActiveCfg = Debug|Win32
		{0F088168-B0B4-4350-9E6A-7FB271C76D39}.Debug|Win32.Build.0 = Debug|Win32
		{0F088168-B0B4-4350-9E6A-7FB271C76D39}.Dynamic|Win32.ActiveCfg = Dynamic|Win32
		{0F088168-B0B4-4350-9E6A-7FB271C76D39}.Dynamic|Win32.Build.0 = Dynamic|Win32
		{0F088168-B0B4-4350-9E6A-7FB271C76D39}.Release|Win32.ActiveCfg = Release|Win32
		{0F088168-B0B4-4350-9E6A-7FB271C76D39}.Release|Win32.Build.0 = Release|Win32
	EndGlobalSection
	GlobalSection(SolutionProperties) = preSolution
		HideSolutionNode = FALSE
	EndGlobalSection
EndGlobal
